// !$*UTF8*$!
{
	archiveVersion = 1;
	classes = {
	};
	objectVersion = 50;
	objects = {

/* Begin PBXBuildFile section */
		C34A4663235F68F100F7DB07 /* AppDelegate.swift in Sources */ = {isa = PBXBuildFile; fileRef = C34A4662235F68F100F7DB07 /* AppDelegate.swift */; };
		C34A4665235F68F100F7DB07 /* ViewController.swift in Sources */ = {isa = PBXBuildFile; fileRef = C34A4664235F68F100F7DB07 /* ViewController.swift */; };
		C34A4668235F68F100F7DB07 /* Main.storyboard in Resources */ = {isa = PBXBuildFile; fileRef = C34A4666235F68F100F7DB07 /* Main.storyboard */; };
		C34A466A235F68F300F7DB07 /* Assets.xcassets in Resources */ = {isa = PBXBuildFile; fileRef = C34A4669235F68F300F7DB07 /* Assets.xcassets */; };
		C34A466D235F68F300F7DB07 /* LaunchScreen.storyboard in Resources */ = {isa = PBXBuildFile; fileRef = C34A466B235F68F300F7DB07 /* LaunchScreen.storyboard */; };
		C34A4678235F68F300F7DB07 /* Mountain_Bike_AppTests.swift in Sources */ = {isa = PBXBuildFile; fileRef = C34A4677235F68F300F7DB07 /* Mountain_Bike_AppTests.swift */; };
		C34A4683235F68F300F7DB07 /* Mountain_Bike_AppUITests.swift in Sources */ = {isa = PBXBuildFile; fileRef = C34A4682235F68F300F7DB07 /* Mountain_Bike_AppUITests.swift */; };
		C36A5D3E2370A144000824D9 /* FlowControl.swift in Sources */ = {isa = PBXBuildFile; fileRef = C36A5D3D2370A144000824D9 /* FlowControl.swift */; };
/* End PBXBuildFile section */

/* Begin PBXContainerItemProxy section */
		C34A4674235F68F300F7DB07 /* PBXContainerItemProxy */ = {
			isa = PBXContainerItemProxy;
			containerPortal = C34A4657235F68F100F7DB07 /* Project object */;
			proxyType = 1;
			remoteGlobalIDString = C34A465E235F68F100F7DB07;
			remoteInfo = "Mountain Bike App";
		};
		C34A467F235F68F300F7DB07 /* PBXContainerItemProxy */ = {
			isa = PBXContainerItemProxy;
			containerPortal = C34A4657235F68F100F7DB07 /* Project object */;
			proxyType = 1;
			remoteGlobalIDString = C34A465E235F68F100F7DB07;
			remoteInfo = "Mountain Bike App";
		};
/* End PBXContainerItemProxy section */

/* Begin PBXFileReference section */
		C34A465F235F68F100F7DB07 /* Mountain Bike App.app */ = {isa = PBXFileReference; explicitFileType = wrapper.application; includeInIndex = 0; path = "Mountain Bike App.app"; sourceTree = BUILT_PRODUCTS_DIR; };
		C34A4662235F68F100F7DB07 /* AppDelegate.swift */ = {isa = PBXFileReference; lastKnownFileType = sourcecode.swift; path = AppDelegate.swift; sourceTree = "<group>"; };
		C34A4664235F68F100F7DB07 /* ViewController.swift */ = {isa = PBXFileReference; lastKnownFileType = sourcecode.swift; path = ViewController.swift; sourceTree = "<group>"; };
		C34A4667235F68F100F7DB07 /* Base */ = {isa = PBXFileReference; lastKnownFileType = file.storyboard; name = Base; path = Base.lproj/Main.storyboard; sourceTree = "<group>"; };
		C34A4669235F68F300F7DB07 /* Assets.xcassets */ = {isa = PBXFileReference; lastKnownFileType = folder.assetcatalog; path = Assets.xcassets; sourceTree = "<group>"; };
		C34A466C235F68F300F7DB07 /* Base */ = {isa = PBXFileReference; lastKnownFileType = file.storyboard; name = Base; path = Base.lproj/LaunchScreen.storyboard; sourceTree = "<group>"; };
		C34A466E235F68F300F7DB07 /* Info.plist */ = {isa = PBXFileReference; lastKnownFileType = text.plist.xml; path = Info.plist; sourceTree = "<group>"; };
		C34A4673235F68F300F7DB07 /* Mountain Bike AppTests.xctest */ = {isa = PBXFileReference; explicitFileType = wrapper.cfbundle; includeInIndex = 0; path = "Mountain Bike AppTests.xctest"; sourceTree = BUILT_PRODUCTS_DIR; };
		C34A4677235F68F300F7DB07 /* Mountain_Bike_AppTests.swift */ = {isa = PBXFileReference; lastKnownFileType = sourcecode.swift; path = Mountain_Bike_AppTests.swift; sourceTree = "<group>"; };
		C34A4679235F68F300F7DB07 /* Info.plist */ = {isa = PBXFileReference; lastKnownFileType = text.plist.xml; path = Info.plist; sourceTree = "<group>"; };
		C34A467E235F68F300F7DB07 /* Mountain Bike AppUITests.xctest */ = {isa = PBXFileReference; explicitFileType = wrapper.cfbundle; includeInIndex = 0; path = "Mountain Bike AppUITests.xctest"; sourceTree = BUILT_PRODUCTS_DIR; };
		C34A4682235F68F300F7DB07 /* Mountain_Bike_AppUITests.swift */ = {isa = PBXFileReference; lastKnownFileType = sourcecode.swift; path = Mountain_Bike_AppUITests.swift; sourceTree = "<group>"; };
		C34A4684235F68F300F7DB07 /* Info.plist */ = {isa = PBXFileReference; lastKnownFileType = text.plist.xml; path = Info.plist; sourceTree = "<group>"; };
		C36A5D3D2370A144000824D9 /* FlowControl.swift */ = {isa = PBXFileReference; lastKnownFileType = sourcecode.swift; path = FlowControl.swift; sourceTree = "<group>"; };
/* End PBXFileReference section */

/* Begin PBXFrameworksBuildPhase section */
		C34A465C235F68F100F7DB07 /* Frameworks */ = {
			isa = PBXFrameworksBuildPhase;
			buildActionMask = 2147483647;
			files = (
			);
			runOnlyForDeploymentPostprocessing = 0;
		};
		C34A4670235F68F300F7DB07 /* Frameworks */ = {
			isa = PBXFrameworksBuildPhase;
			buildActionMask = 2147483647;
			files = (
			);
			runOnlyForDeploymentPostprocessing = 0;
		};
		C34A467B235F68F300F7DB07 /* Frameworks */ = {
			isa = PBXFrameworksBuildPhase;
			buildActionMask = 2147483647;
			files = (
			);
			runOnlyForDeploymentPostprocessing = 0;
		};
/* End PBXFrameworksBuildPhase section */

/* Begin PBXGroup section */
		C34A4656235F68F100F7DB07 = {
			isa = PBXGroup;
			children = (
				C34A4661235F68F100F7DB07 /* Mountain Bike App */,
				C34A4676235F68F300F7DB07 /* Mountain Bike AppTests */,
				C34A4681235F68F300F7DB07 /* Mountain Bike AppUITests */,
				C34A4660235F68F100F7DB07 /* Products */,
			);
			sourceTree = "<group>";
		};
		C34A4660235F68F100F7DB07 /* Products */ = {
			isa = PBXGroup;
			children = (
				C34A465F235F68F100F7DB07 /* Mountain Bike App.app */,
				C34A4673235F68F300F7DB07 /* Mountain Bike AppTests.xctest */,
				C34A467E235F68F300F7DB07 /* Mountain Bike AppUITests.xctest */,
			);
			name = Products;
			sourceTree = "<group>";
		};
		C34A4661235F68F100F7DB07 /* Mountain Bike App */ = {
			isa = PBXGroup;
			children = (
				C34A4662235F68F100F7DB07 /* AppDelegate.swift */,
				C34A4664235F68F100F7DB07 /* ViewController.swift */,
				C36A5D3D2370A144000824D9 /* FlowControl.swift */,
				C34A4666235F68F100F7DB07 /* Main.storyboard */,
				C34A4669235F68F300F7DB07 /* Assets.xcassets */,
				C34A466B235F68F300F7DB07 /* LaunchScreen.storyboard */,
				C34A466E235F68F300F7DB07 /* Info.plist */,
			);
			path = "Mountain Bike App";
			sourceTree = "<group>";
		};
		C34A4676235F68F300F7DB07 /* Mountain Bike AppTests */ = {
			isa = PBXGroup;
			children = (
				C34A4677235F68F300F7DB07 /* Mountain_Bike_AppTests.swift */,
				C34A4679235F68F300F7DB07 /* Info.plist */,
			);
			path = "Mountain Bike AppTests";
			sourceTree = "<group>";
		};
		C34A4681235F68F300F7DB07 /* Mountain Bike AppUITests */ = {
			isa = PBXGroup;
			children = (
				C34A4682235F68F300F7DB07 /* Mountain_Bike_AppUITests.swift */,
				C34A4684235F68F300F7DB07 /* Info.plist */,
			);
			path = "Mountain Bike AppUITests";
			sourceTree = "<group>";
		};
/* End PBXGroup section */

/* Begin PBXNativeTarget section */
		C34A465E235F68F100F7DB07 /* Mountain Bike App */ = {
			isa = PBXNativeTarget;
			buildConfigurationList = C34A4687235F68F300F7DB07 /* Build configuration list for PBXNativeTarget "Mountain Bike App" */;
			buildPhases = (
				C34A465B235F68F100F7DB07 /* Sources */,
				C34A465C235F68F100F7DB07 /* Frameworks */,
				C34A465D235F68F100F7DB07 /* Resources */,
			);
			buildRules = (
			);
			dependencies = (
			);
			name = "Mountain Bike App";
			productName = "Mountain Bike App";
			productReference = C34A465F235F68F100F7DB07 /* Mountain Bike App.app */;
			productType = "com.apple.product-type.application";
		};
		C34A4672235F68F300F7DB07 /* Mountain Bike AppTests */ = {
			isa = PBXNativeTarget;
			buildConfigurationList = C34A468A235F68F300F7DB07 /* Build configuration list for PBXNativeTarget "Mountain Bike AppTests" */;
			buildPhases = (
				C34A466F235F68F300F7DB07 /* Sources */,
				C34A4670235F68F300F7DB07 /* Frameworks */,
				C34A4671235F68F300F7DB07 /* Resources */,
			);
			buildRules = (
			);
			dependencies = (
				C34A4675235F68F300F7DB07 /* PBXTargetDependency */,
			);
			name = "Mountain Bike AppTests";
			productName = "Mountain Bike AppTests";
			productReference = C34A4673235F68F300F7DB07 /* Mountain Bike AppTests.xctest */;
			productType = "com.apple.product-type.bundle.unit-test";
		};
		C34A467D235F68F300F7DB07 /* Mountain Bike AppUITests */ = {
			isa = PBXNativeTarget;
			buildConfigurationList = C34A468D235F68F300F7DB07 /* Build configuration list for PBXNativeTarget "Mountain Bike AppUITests" */;
			buildPhases = (
				C34A467A235F68F300F7DB07 /* Sources */,
				C34A467B235F68F300F7DB07 /* Frameworks */,
				C34A467C235F68F300F7DB07 /* Resources */,
			);
			buildRules = (
			);
			dependencies = (
				C34A4680235F68F300F7DB07 /* PBXTargetDependency */,
			);
			name = "Mountain Bike AppUITests";
			productName = "Mountain Bike AppUITests";
			productReference = C34A467E235F68F300F7DB07 /* Mountain Bike AppUITests.xctest */;
			productType = "com.apple.product-type.bundle.ui-testing";
		};
/* End PBXNativeTarget section */

/* Begin PBXProject section */
		C34A4657235F68F100F7DB07 /* Project object */ = {
			isa = PBXProject;
			attributes = {
				LastSwiftUpdateCheck = 0930;
				LastUpgradeCheck = 0930;
				ORGANIZATIONNAME = administrator;
				TargetAttributes = {
					C34A465E235F68F100F7DB07 = {
						CreatedOnToolsVersion = 9.3;
					};
					C34A4672235F68F300F7DB07 = {
						CreatedOnToolsVersion = 9.3;
						TestTargetID = C34A465E235F68F100F7DB07;
					};
					C34A467D235F68F300F7DB07 = {
						CreatedOnToolsVersion = 9.3;
						TestTargetID = C34A465E235F68F100F7DB07;
					};
				};
			};
			buildConfigurationList = C34A465A235F68F100F7DB07 /* Build configuration list for PBXProject "Mountain Bike App" */;
			compatibilityVersion = "Xcode 9.3";
			developmentRegion = en;
			hasScannedForEncodings = 0;
			knownRegions = (
				en,
				Base,
			);
			mainGroup = C34A4656235F68F100F7DB07;
			productRefGroup = C34A4660235F68F100F7DB07 /* Products */;
			projectDirPath = "";
			projectRoot = "";
			targets = (
				C34A465E235F68F100F7DB07 /* Mountain Bike App */,
				C34A4672235F68F300F7DB07 /* Mountain Bike AppTests */,
				C34A467D235F68F300F7DB07 /* Mountain Bike AppUITests */,
			);
		};
/* End PBXProject section */

/* Begin PBXResourcesBuildPhase section */
		C34A465D235F68F100F7DB07 /* Resources */ = {
			isa = PBXResourcesBuildPhase;
			buildActionMask = 2147483647;
			files = (
				C34A466D235F68F300F7DB07 /* LaunchScreen.storyboard in Resources */,
				C34A466A235F68F300F7DB07 /* Assets.xcassets in Resources */,
				C34A4668235F68F100F7DB07 /* Main.storyboard in Resources */,
			);
			runOnlyForDeploymentPostprocessing = 0;
		};
		C34A4671235F68F300F7DB07 /* Resources */ = {
			isa = PBXResourcesBuildPhase;
			buildActionMask = 2147483647;
			files = (
			);
			runOnlyForDeploymentPostprocessing = 0;
		};
		C34A467C235F68F300F7DB07 /* Resources */ = {
			isa = PBXResourcesBuildPhase;
			buildActionMask = 2147483647;
			files = (
			);
			runOnlyForDeploymentPostprocessing = 0;
		};
/* End PBXResourcesBuildPhase section */

/* Begin PBXSourcesBuildPhase section */
		C34A465B235F68F100F7DB07 /* Sources */ = {
			isa = PBXSourcesBuildPhase;
			buildActionMask = 2147483647;
			files = (
				C34A4665235F68F100F7DB07 /* ViewController.swift in Sources */,
				C34A4663235F68F100F7DB07 /* AppDelegate.swift in Sources */,
				C36A5D3E2370A144000824D9 /* FlowControl.swift in Sources */,
			);
			runOnlyForDeploymentPostprocessing = 0;
		};
		C34A466F235F68F300F7DB07 /* Sources */ = {
			isa = PBXSourcesBuildPhase;
			buildActionMask = 2147483647;
			files = (
				C34A4678235F68F300F7DB07 /* Mountain_Bike_AppTests.swift in Sources */,
			);
			runOnlyForDeploymentPostprocessing = 0;
		};
		C34A467A235F68F300F7DB07 /* Sources */ = {
			isa = PBXSourcesBuildPhase;
			buildActionMask = 2147483647;
			files = (
				C34A4683235F68F300F7DB07 /* Mountain_Bike_AppUITests.swift in Sources */,
			);
			runOnlyForDeploymentPostprocessing = 0;
		};
/* End PBXSourcesBuildPhase section */

/* Begin PBXTargetDependency section */
		C34A4675235F68F300F7DB07 /* PBXTargetDependency */ = {
			isa = PBXTargetDependency;
			target = C34A465E235F68F100F7DB07 /* Mountain Bike App */;
			targetProxy = C34A4674235F68F300F7DB07 /* PBXContainerItemProxy */;
		};
		C34A4680235F68F300F7DB07 /* PBXTargetDependency */ = {
			isa = PBXTargetDependency;
			target = C34A465E235F68F100F7DB07 /* Mountain Bike App */;
			targetProxy = C34A467F235F68F300F7DB07 /* PBXContainerItemProxy */;
		};
/* End PBXTargetDependency section */

/* Begin PBXVariantGroup section */
		C34A4666235F68F100F7DB07 /* Main.storyboard */ = {
			isa = PBXVariantGroup;
			children = (
				C34A4667235F68F100F7DB07 /* Base */,
			);
			name = Main.storyboard;
			sourceTree = "<group>";
		};
		C34A466B235F68F300F7DB07 /* LaunchScreen.storyboard */ = {
			isa = PBXVariantGroup;
			children = (
				C34A466C235F68F300F7DB07 /* Base */,
			);
			name = LaunchScreen.storyboard;
			sourceTree = "<group>";
		};
/* End PBXVariantGroup section */

/* Begin XCBuildConfiguration section */
		C34A4685235F68F300F7DB07 /* Debug */ = {
			isa = XCBuildConfiguration;
			buildSettings = {
				ALWAYS_SEARCH_USER_PATHS = NO;
				CLANG_ANALYZER_NONNULL = YES;
				CLANG_ANALYZER_NUMBER_OBJECT_CONVERSION = YES_AGGRESSIVE;
				CLANG_CXX_LANGUAGE_STANDARD = "gnu++14";
				CLANG_CXX_LIBRARY = "libc++";
				CLANG_ENABLE_MODULES = YES;
				CLANG_ENABLE_OBJC_ARC = YES;
				CLANG_ENABLE_OBJC_WEAK = YES;
				CLANG_WARN_BLOCK_CAPTURE_AUTORELEASING = YES;
				CLANG_WARN_BOOL_CONVERSION = YES;
				CLANG_WARN_COMMA = YES;
				CLANG_WARN_CONSTANT_CONVERSION = YES;
				CLANG_WARN_DEPRECATED_OBJC_IMPLEMENTATIONS = YES;
				CLANG_WARN_DIRECT_OBJC_ISA_USAGE = YES_ERROR;
				CLANG_WARN_DOCUMENTATION_COMMENTS = YES;
				CLANG_WARN_EMPTY_BODY = YES;
				CLANG_WARN_ENUM_CONVERSION = YES;
				CLANG_WARN_INFINITE_RECURSION = YES;
				CLANG_WARN_INT_CONVERSION = YES;
				CLANG_WARN_NON_LITERAL_NULL_CONVERSION = YES;
				CLANG_WARN_OBJC_IMPLICIT_RETAIN_SELF = YES;
				CLANG_WARN_OBJC_LITERAL_CONVERSION = YES;
				CLANG_WARN_OBJC_ROOT_CLASS = YES_ERROR;
				CLANG_WARN_RANGE_LOOP_ANALYSIS = YES;
				CLANG_WARN_STRICT_PROTOTYPES = YES;
				CLANG_WARN_SUSPICIOUS_MOVE = YES;
				CLANG_WARN_UNGUARDED_AVAILABILITY = YES_AGGRESSIVE;
				CLANG_WARN_UNREACHABLE_CODE = YES;
				CLANG_WARN__DUPLICATE_METHOD_MATCH = YES;
				CODE_SIGN_IDENTITY = "iPhone Developer";
				COPY_PHASE_STRIP = NO;
				DEBUG_INFORMATION_FORMAT = dwarf;
				ENABLE_STRICT_OBJC_MSGSEND = YES;
				ENABLE_TESTABILITY = YES;
				GCC_C_LANGUAGE_STANDARD = gnu11;
				GCC_DYNAMIC_NO_PIC = NO;
				GCC_NO_COMMON_BLOCKS = YES;
				GCC_OPTIMIZATION_LEVEL = 0;
				GCC_PREPROCESSOR_DEFINITIONS = (
					"DEBUG=1",
					"$(inherited)",
				);
				GCC_WARN_64_TO_32_BIT_CONVERSION = YES;
				GCC_WARN_ABOUT_RETURN_TYPE = YES_ERROR;
				GCC_WARN_UNDECLARED_SELECTOR = YES;
				GCC_WARN_UNINITIALIZED_AUTOS = YES_AGGRESSIVE;
				GCC_WARN_UNUSED_FUNCTION = YES;
				GCC_WARN_UNUSED_VARIABLE = YES;
				IPHONEOS_DEPLOYMENT_TARGET = 11.3;
				MTL_ENABLE_DEBUG_INFO = YES;
				ONLY_ACTIVE_ARCH = YES;
				SDKROOT = iphoneos;
				SWIFT_ACTIVE_COMPILATION_CONDITIONS = DEBUG;
				SWIFT_OPTIMIZATION_LEVEL = "-Onone";
			};
			name = Debug;
		};
		C34A4686235F68F300F7DB07 /* Release */ = {
			isa = XCBuildConfiguration;
			buildSettings = {
				ALWAYS_SEARCH_USER_PATHS = NO;
				CLANG_ANALYZER_NONNULL = YES;
				CLANG_ANALYZER_NUMBER_OBJECT_CONVERSION = YES_AGGRESSIVE;
				CLANG_CXX_LANGUAGE_STANDARD = "gnu++14";
				CLANG_CXX_LIBRARY = "libc++";
				CLANG_ENABLE_MODULES = YES;
				CLANG_ENABLE_OBJC_ARC = YES;
				CLANG_ENABLE_OBJC_WEAK = YES;
				CLANG_WARN_BLOCK_CAPTURE_AUTORELEASING = YES;
				CLANG_WARN_BOOL_CONVERSION = YES;
				CLANG_WARN_COMMA = YES;
				CLANG_WARN_CONSTANT_CONVERSION = YES;
				CLANG_WARN_DEPRECATED_OBJC_IMPLEMENTATIONS = YES;
				CLANG_WARN_DIRECT_OBJC_ISA_USAGE = YES_ERROR;
				CLANG_WARN_DOCUMENTATION_COMMENTS = YES;
				CLANG_WARN_EMPTY_BODY = YES;
				CLANG_WARN_ENUM_CONVERSION = YES;
				CLANG_WARN_INFINITE_RECURSION = YES;
				CLANG_WARN_INT_CONVERSION = YES;
				CLANG_WARN_NON_LITERAL_NULL_CONVERSION = YES;
				CLANG_WARN_OBJC_IMPLICIT_RETAIN_SELF = YES;
				CLANG_WARN_OBJC_LITERAL_CONVERSION = YES;
				CLANG_WARN_OBJC_ROOT_CLASS = YES_ERROR;
				CLANG_WARN_RANGE_LOOP_ANALYSIS = YES;
				CLANG_WARN_STRICT_PROTOTYPES = YES;
				CLANG_WARN_SUSPICIOUS_MOVE = YES;
				CLANG_WARN_UNGUARDED_AVAILABILITY = YES_AGGRESSIVE;
				CLANG_WARN_UNREACHABLE_CODE = YES;
				CLANG_WARN__DUPLICATE_METHOD_MATCH = YES;
				CODE_SIGN_IDENTITY = "iPhone Developer";
				COPY_PHASE_STRIP = NO;
				DEBUG_INFORMATION_FORMAT = "dwarf-with-dsym";
				ENABLE_NS_ASSERTIONS = NO;
				ENABLE_STRICT_OBJC_MSGSEND = YES;
				GCC_C_LANGUAGE_STANDARD = gnu11;
				GCC_NO_COMMON_BLOCKS = YES;
				GCC_WARN_64_TO_32_BIT_CONVERSION = YES;
				GCC_WARN_ABOUT_RETURN_TYPE = YES_ERROR;
				GCC_WARN_UNDECLARED_SELECTOR = YES;
				GCC_WARN_UNINITIALIZED_AUTOS = YES_AGGRESSIVE;
				GCC_WARN_UNUSED_FUNCTION = YES;
				GCC_WARN_UNUSED_VARIABLE = YES;
				IPHONEOS_DEPLOYMENT_TARGET = 11.3;
				MTL_ENABLE_DEBUG_INFO = NO;
				SDKROOT = iphoneos;
				SWIFT_COMPILATION_MODE = wholemodule;
				SWIFT_OPTIMIZATION_LEVEL = "-O";
				VALIDATE_PRODUCT = YES;
			};
			name = Release;
		};
		C34A4688235F68F300F7DB07 /* Debug */ = {
			isa = XCBuildConfiguration;
			buildSettings = {
				ASSETCATALOG_COMPILER_APPICON_NAME = AppIcon;
				CODE_SIGN_STYLE = Automatic;
				DEVELOPMENT_TEAM = 9R55M53QR8;
				INFOPLIST_FILE = "Mountain Bike App/Info.plist";
				LD_RUNPATH_SEARCH_PATHS = (
					"$(inherited)",
					"@executable_path/Frameworks",
				);
				PRODUCT_BUNDLE_IDENTIFIER = "Experience.Mountain-Bike-App";
				PRODUCT_NAME = "$(TARGET_NAME)";
				SWIFT_VERSION = 4.0;
				TARGETED_DEVICE_FAMILY = "1,2";
			};
			name = Debug;
		};
		C34A4689235F68F300F7DB07 /* Release */ = {
			isa = XCBuildConfiguration;
			buildSettings = {
				ASSETCATALOG_COMPILER_APPICON_NAME = AppIcon;
				CODE_SIGN_STYLE = Automatic;
				DEVELOPMENT_TEAM = 9R55M53QR8;
				INFOPLIST_FILE = "Mountain Bike App/Info.plist";
				LD_RUNPATH_SEARCH_PATHS = (
					"$(inherited)",
					"@executable_path/Frameworks",
				);
				PRODUCT_BUNDLE_IDENTIFIER = "Experience.Mountain-Bike-App";
				PRODUCT_NAME = "$(TARGET_NAME)";
				SWIFT_VERSION = 4.0;
				TARGETED_DEVICE_FAMILY = "1,2";
			};
			name = Release;
		};
		C34A468B235F68F300F7DB07 /* Debug */ = {
			isa = XCBuildConfiguration;
			buildSettings = {
				ALWAYS_EMBED_SWIFT_STANDARD_LIBRARIES = YES;
				BUNDLE_LOADER = "$(TEST_HOST)";
				CODE_SIGN_STYLE = Automatic;
				DEVELOPMENT_TEAM = 9R55M53QR8;
				INFOPLIST_FILE = "Mountain Bike AppTests/Info.plist";
				LD_RUNPATH_SEARCH_PATHS = (
					"$(inherited)",
					"@executable_path/Frameworks",
					"@loader_path/Frameworks",
				);
				PRODUCT_BUNDLE_IDENTIFIER = "Experience.Mountain-Bike-AppTests";
				PRODUCT_NAME = "$(TARGET_NAME)";
				SWIFT_VERSION = 4.0;
				TARGETED_DEVICE_FAMILY = "1,2";
				TEST_HOST = "$(BUILT_PRODUCTS_DIR)/Mountain Bike App.app/Mountain Bike App";
			};
			name = Debug;
		};
		C34A468C235F68F300F7DB07 /* Release */ = {
			isa = XCBuildConfiguration;
			buildSettings = {
				ALWAYS_EMBED_SWIFT_STANDARD_LIBRARIES = YES;
				BUNDLE_LOADER = "$(TEST_HOST)";
				CODE_SIGN_STYLE = Automatic;
				DEVELOPMENT_TEAM = 9R55M53QR8;
				INFOPLIST_FILE = "Mountain Bike AppTests/Info.plist";
				LD_RUNPATH_SEARCH_PATHS = (
					"$(inherited)",
					"@executable_path/Frameworks",
					"@loader_path/Frameworks",
				);
				PRODUCT_BUNDLE_IDENTIFIER = "Experience.Mountain-Bike-AppTests";
				PRODUCT_NAME = "$(TARGET_NAME)";
				SWIFT_VERSION = 4.0;
				TARGETED_DEVICE_FAMILY = "1,2";
				TEST_HOST = "$(BUILT_PRODUCTS_DIR)/Mountain Bike App.app/Mountain Bike App";
			};
			name = Release;
		};
		C34A468E235F68F300F7DB07 /* Debug */ = {
			isa = XCBuildConfiguration;
			buildSettings = {
				ALWAYS_EMBED_SWIFT_STANDARD_LIBRARIES = YES;
				CODE_SIGN_STYLE = Automatic;
				DEVELOPMENT_TEAM = 9R55M53QR8;
				INFOPLIST_FILE = "Mountain Bike AppUITests/Info.plist";
				LD_RUNPATH_SEARCH_PATHS = (
					"$(inherited)",
					"@executable_path/Frameworks",
					"@loader_path/Frameworks",
				);
				PRODUCT_BUNDLE_IDENTIFIER = "Experience.Mountain-Bike-AppUITests";
				PRODUCT_NAME = "$(TARGET_NAME)";
				SWIFT_VERSION = 4.0;
				TARGETED_DEVICE_FAMILY = "1,2";
				TEST_TARGET_NAME = "Mountain Bike App";
			};
			name = Debug;
		};
		C34A468F235F68F300F7DB07 /* Release */ = {
			isa = XCBuildConfiguration;
			buildSettings = {
				ALWAYS_EMBED_SWIFT_STANDARD_LIBRARIES = YES;
				CODE_SIGN_STYLE = Automatic;
				DEVELOPMENT_TEAM = 9R55M53QR8;
				INFOPLIST_FILE = "Mountain Bike AppUITests/Info.plist";
				LD_RUNPATH_SEARCH_PATHS = (
					"$(inherited)",
					"@executable_path/Frameworks",
					"@loader_path/Frameworks",
				);
				PRODUCT_BUNDLE_IDENTIFIER = "Experience.Mountain-Bike-AppUITests";
				PRODUCT_NAME = "$(TARGET_NAME)";
				SWIFT_VERSION = 4.0;
				TARGETED_DEVICE_FAMILY = "1,2";
				TEST_TARGET_NAME = "Mountain Bike App";
			};
			name = Release;
		};
/* End XCBuildConfiguration section */

/* Begin XCConfigurationList section */
		C34A465A235F68F100F7DB07 /* Build configuration list for PBXProject "Mountain Bike App" */ = {
			isa = XCConfigurationList;
			buildConfigurations = (
				C34A4685235F68F300F7DB07 /* Debug */,
				C34A4686235F68F300F7DB07 /* Release */,
			);
			defaultConfigurationIsVisible = 0;
			defaultConfigurationName = Release;
		};
		C34A4687235F68F300F7DB07 /* Build configuration list for PBXNativeTarget "Mountain Bike App" */ = {
			isa = XCConfigurationList;
			buildConfigurations = (
				C34A4688235F68F300F7DB07 /* Debug */,
				C34A4689235F68F300F7DB07 /* Release */,
			);
			defaultConfigurationIsVisible = 0;
			defaultConfigurationName = Release;
		};
		C34A468A235F68F300F7DB07 /* Build configuration list for PBXNativeTarget "Mountain Bike AppTests" */ = {
			isa = XCConfigurationList;
			buildConfigurations = (
				C34A468B235F68F300F7DB07 /* Debug */,
				C34A468C235F68F300F7DB07 /* Release */,
			);
			defaultConfigurationIsVisible = 0;
			defaultConfigurationName = Release;
		};
		C34A468D235F68F300F7DB07 /* Build configuration list for PBXNativeTarget "Mountain Bike AppUITests" */ = {
			isa = XCConfigurationList;
			buildConfigurations = (
				C34A468E235F68F300F7DB07 /* Debug */,
				C34A468F235F68F300F7DB07 /* Release */,
			);
			defaultConfigurationIsVisible = 0;
			defaultConfigurationName = Release;
		};
/* End XCConfigurationList section */
	};
	rootObject = C34A4657235F68F100F7DB07 /* Project object */;
}
